
Microsoft Visual Studio Solution File, Format Version 12.00
# Visual Studio 2012
Project("{FAE04EC0-301F-11D3-BF4B-00C04F79EFBC}") = "VersionTest", "VersionTest\VersionTest.csproj", "{9F68EE80-946A-465C-8007-EAF9516A30AB}"
EndProject
Global
	GlobalSection(SolutionConfigurationPlatforms) = preSolution
		Debug|Any CPU = Debug|Any CPU
		Release|Any CPU = Release|Any CPU
	EndGlobalSection
	GlobalSection(ProjectConfigurationPlatforms) = postSolution
		{9F68EE80-946A-465C-8007-EAF9516A30AB}.Debug|Any CPU.ActiveCfg = Debug|Any CPU
		{9F68EE80-946A-465C-8007-EAF9516A30AB}.Debug|Any CPU.Build.0 = Debug|Any CPU
		{9F68EE80-946A-465C-8007-EAF9516A30AB}.Release|Any CPU.ActiveCfg = Release|Any CPU
		{9F68EE80-946A-465C-8007-EAF9516A30AB}.Release|Any CPU.Build.0 = Release|Any CPU
	EndGlobalSection
	GlobalSection(SolutionProperties) = preSolution
		HideSolutionNode = FALSE
	EndGlobalSection
EndGlobal
